
Microsoft Visual Studio Solution File, Format Version 12.00
Project("{FAE04EC0-301F-11D3-BF4B-00C04F79EFBC}") = "WebAPI", "WebAPI\WebAPI.csproj", "{1ADC485B-F4CE-4411-A84E-C5F22514973D}"
EndProject
Project("{FAE04EC0-301F-11D3-BF4B-00C04F79EFBC}") = "Domain", "Domain\Domain.csproj", "{6FB98B1D-A154-4F66-A147-38C525BBDCB7}"
EndProject
Project("{FAE04EC0-301F-11D3-BF4B-00C04F79EFBC}") = "Infrastructure", "Infrastructure\Infrastructure.csproj", "{7FA06A48-7D67-4903-84E4-AB66D3D3C791}"
EndProject
Global
	GlobalSection(SolutionConfigurationPlatforms) = preSolution
		Debug|Any CPU = Debug|Any CPU
		Release|Any CPU = Release|Any CPU
	EndGlobalSection
	GlobalSection(ProjectConfigurationPlatforms) = postSolution
		{1ADC485B-F4CE-4411-A84E-C5F22514973D}.Debug|Any CPU.ActiveCfg = Debug|Any CPU
		{1ADC485B-F4CE-4411-A84E-C5F22514973D}.Debug|Any CPU.Build.0 = Debug|Any CPU
		{1ADC485B-F4CE-4411-A84E-C5F22514973D}.Release|Any CPU.ActiveCfg = Release|Any CPU
		{1ADC485B-F4CE-4411-A84E-C5F22514973D}.Release|Any CPU.Build.0 = Release|Any CPU
		{6FB98B1D-A154-4F66-A147-38C525BBDCB7}.Debug|Any CPU.ActiveCfg = Debug|Any CPU
		{6FB98B1D-A154-4F66-A147-38C525BBDCB7}.Debug|Any CPU.Build.0 = Debug|Any CPU
		{6FB98B1D-A154-4F66-A147-38C525BBDCB7}.Release|Any CPU.ActiveCfg = Release|Any CPU
		{6FB98B1D-A154-4F66-A147-38C525BBDCB7}.Release|Any CPU.Build.0 = Release|Any CPU
		{7FA06A48-7D67-4903-84E4-AB66D3D3C791}.Debug|Any CPU.ActiveCfg = Debug|Any CPU
		{7FA06A48-7D67-4903-84E4-AB66D3D3C791}.Debug|Any CPU.Build.0 = Debug|Any CPU
		{7FA06A48-7D67-4903-84E4-AB66D3D3C791}.Release|Any CPU.ActiveCfg = Release|Any CPU
		{7FA06A48-7D67-4903-84E4-AB66D3D3C791}.Release|Any CPU.Build.0 = Release|Any CPU
	EndGlobalSection
EndGlobal
